{
  "object": {
    "pins": [
      {
        "package": "MiniRxSwift",
        "repositoryURL": "https://github.com/borland/MiniRxSwift.git",
        "state": {
          "branch": "main",
          "revision": "9488d64cc7fd913287d2907ae0c4b71b68ef8788",
          "version": null
        }
      }
    ]
  },
  "version": 1
}
