{
  "object": {
    "pins": [
      {
        "package": "MiniRxSwift",
        "repositoryURL": "https://github.com/borland/MiniRxSwift.git",
        "state": {
          "branch": "main",
          "revision": "8999d35323cb86356b64ae1eb372473e1926ad96",
          "version": null
        }
      }
    ]
  },
  "version": 1
}
