{
  "object": {
    "pins": [
      {
        "package": "MiniRxSwift",
        "repositoryURL": "/Users/orione/Dev/MiniRxSwift/",
        "state": {
          "branch": null,
          "revision": "6dd446574487dfe0e4eb5675a7cc09f090eea237",
          "version": "0.0.4"
        }
      }
    ]
  },
  "version": 1
}
